<?xml version="1.0" encoding="UTF-8" standalone="yes" ?>
<CodeBlocks_project_file>
	<FileVersion major="1" minor="6" />
	<Project>
		<Option title="ECS" />
		<Option pch_mode="2" />
		<Option compiler="gcc" />
		<Build>
			<Target title="Debug">
				<Option output="bin/Debug/ECS" prefix_auto="1" extension_auto="1" />
				<Option object_output="obj/Debug/" />
				<Option type="1" />
				<Option compiler="gcc" />
				<Compiler>
					<Add option="-g" />
				</Compiler>
			</Target>
			<Target title="Release">
				<Option output="bin/Release/ECS" prefix_auto="1" extension_auto="1" />
				<Option object_output="obj/Release/" />
				<Option type="1" />
				<Option compiler="gcc" />
				<Compiler>
					<Add option="-O2" />
				</Compiler>
				<Linker>
					<Add option="-s" />
				</Linker>
			</Target>
		</Build>
		<Compiler>
			<Add option="-Wall" />
		</Compiler>
		<Unit filename="include/Component.h" />
		<Unit filename="include/Component_manager.h" />
		<Unit filename="include/Component_mask.h" />
		<Unit filename="include/Engine.h" />
		<Unit filename="include/Entity.h" />
		<Unit filename="include/Entity_manager.h" />
		<Unit filename="include/Entity_map.h" />
		<Unit filename="include/Includes.h" />
		<Unit filename="include/System.h" />
		<Unit filename="main.cpp" />
		<Unit filename="src/Component.cpp" />
		<Unit filename="src/Component_mask.cpp" />
		<Unit filename="src/Entity_manager.cpp" />
		<Unit filename="src/Entity_map.cpp" />
		<Unit filename="src/System.cpp" />
		<Extensions>
			<code_completion />
			<envvars />
			<debugger />
		</Extensions>
	</Project>
</CodeBlocks_project_file>
